
Microsoft Visual Studio Solution File, Format Version 12.00
# Visual Studio Version 17
VisualStudioVersion = 17.6.33829.357
MinimumVisualStudioVersion = 10.0.40219.1
Project("{FAE04EC0-301F-11D3-BF4B-00C04F79EFBC}") = "FirstBlazorAppWithJeff", "FirstBlazorAppWithJeff\FirstBlazorAppWithJeff.csproj", "{607298EF-A0E8-474A-A7A0-F666CB543852}"
EndProject
Global
	GlobalSection(SolutionConfigurationPlatforms) = preSolution
		Debug|Any CPU = Debug|Any CPU
		Release|Any CPU = Release|Any CPU
	EndGlobalSection
	GlobalSection(ProjectConfigurationPlatforms) = postSolution
		{607298EF-A0E8-474A-A7A0-F666CB543852}.Debug|Any CPU.ActiveCfg = Debug|Any CPU
		{607298EF-A0E8-474A-A7A0-F666CB543852}.Debug|Any CPU.Build.0 = Debug|Any CPU
		{607298EF-A0E8-474A-A7A0-F666CB543852}.Release|Any CPU.ActiveCfg = Release|Any CPU
		{607298EF-A0E8-474A-A7A0-F666CB543852}.Release|Any CPU.Build.0 = Release|Any CPU
	EndGlobalSection
	GlobalSection(SolutionProperties) = preSolution
		HideSolutionNode = FALSE
	EndGlobalSection
	GlobalSection(ExtensibilityGlobals) = postSolution
		SolutionGuid = {CC0690AF-61A6-49A6-9DAD-DF88B6FB92A0}
	EndGlobalSection
EndGlobal
